
Microsoft Visual Studio Solution File, Format Version 12.00
# Visual Studio 15
Project("{FAE04EC0-301F-11D3-BF4B-00C04F79EFBC}") = "Unity.Timeline", "Unity.Timeline.csproj", "{7ABD7816-9E39-E002-5138-926D6DA35AB7}"
EndProject
Project("{FAE04EC0-301F-11D3-BF4B-00C04F79EFBC}") = "Unity.Timeline.Editor", "Unity.Timeline.Editor.csproj", "{7B488959-0D3E-4C5B-F4B7-0D660816048E}"
EndProject
Project("{FAE04EC0-301F-11D3-BF4B-00C04F79EFBC}") = "Unity.TextMeshPro.Editor", "Unity.TextMeshPro.Editor.csproj", "{48A0E71F-3E11-6BA6-FB4A-D0964388F952}"
EndProject
Project("{FAE04EC0-301F-11D3-BF4B-00C04F79EFBC}") = "Unity.PlasticSCM.Editor", "Unity.PlasticSCM.Editor.csproj", "{2BF9950A-B2D6-A062-4550-526D415DFFA6}"
EndProject
Project("{FAE04EC0-301F-11D3-BF4B-00C04F79EFBC}") = "Unity.VisualScripting.Flow", "Unity.VisualScripting.Flow.csproj", "{9D506D98-5D3F-A298-D197-CC35F83B1D4C}"
EndProject
Project("{FAE04EC0-301F-11D3-BF4B-00C04F79EFBC}") = "UnityEditor.UI", "UnityEditor.UI.csproj", "{A19ABAD6-B893-EF99-37AD-9BE04ADBEDA2}"
EndProject
Project("{FAE04EC0-301F-11D3-BF4B-00C04F79EFBC}") = "Unity.VisualScripting.Core", "Unity.VisualScripting.Core.csproj", "{5DB16445-348A-8040-31C6-73D33172B913}"
EndProject
Project("{FAE04EC0-301F-11D3-BF4B-00C04F79EFBC}") = "Unity.VisualScripting.Core.Editor", "Unity.VisualScripting.Core.Editor.csproj", "{B09372BF-51F4-EB99-F3B7-C9B9FAA3F629}"
EndProject
Project("{FAE04EC0-301F-11D3-BF4B-00C04F79EFBC}") = "Unity.VisualScripting.Flow.Editor", "Unity.VisualScripting.Flow.Editor.csproj", "{1A79C974-A9F0-67FE-C0F7-1E326B9FAAC0}"
EndProject
Project("{FAE04EC0-301F-11D3-BF4B-00C04F79EFBC}") = "UnityEditor.TestRunner", "UnityEditor.TestRunner.csproj", "{63A05D75-5A81-E44E-C007-4454673A3660}"
EndProject
Project("{FAE04EC0-301F-11D3-BF4B-00C04F79EFBC}") = "Assembly-CSharp", "Assembly-CSharp.csproj", "{3799BFC3-FFAC-A40F-E536-C717DF375C9B}"
EndProject
Project("{FAE04EC0-301F-11D3-BF4B-00C04F79EFBC}") = "Unity.VisualScripting.SettingsProvider.Editor", "Unity.VisualScripting.SettingsProvider.Editor.csproj", "{AF582047-D37C-A9B3-54A3-1795BFA90E61}"
EndProject
Project("{FAE04EC0-301F-11D3-BF4B-00C04F79EFBC}") = "UnityEngine.TestRunner", "UnityEngine.TestRunner.csproj", "{3CC8907D-564A-734E-7685-8F9514AB10B4}"
EndProject
Project("{FAE04EC0-301F-11D3-BF4B-00C04F79EFBC}") = "UnityEngine.UI", "UnityEngine.UI.csproj", "{E38F2146-B5F1-1D16-5F9E-5FF40C9B0C47}"
EndProject
Project("{FAE04EC0-301F-11D3-BF4B-00C04F79EFBC}") = "Unity.VisualStudio.Editor", "Unity.VisualStudio.Editor.csproj", "{899A6BAA-61E3-696D-3229-460A55AE1A28}"
EndProject
Project("{FAE04EC0-301F-11D3-BF4B-00C04F79EFBC}") = "Unity.TestTools.CodeCoverage.Editor.OpenCover.Model", "Unity.TestTools.CodeCoverage.Editor.OpenCover.Model.csproj", "{5E279C01-F9BC-30B2-BB57-387FC30C5545}"
EndProject
Project("{FAE04EC0-301F-11D3-BF4B-00C04F79EFBC}") = "Unity.Rider.Editor", "Unity.Rider.Editor.csproj", "{439339B4-A96A-BE5A-069B-C93305B8DB15}"
EndProject
Project("{FAE04EC0-301F-11D3-BF4B-00C04F79EFBC}") = "Unity.CollabProxy.Editor", "Unity.CollabProxy.Editor.csproj", "{E1EE6E09-F27F-EFC0-9773-C487D446BCCA}"
EndProject
Project("{FAE04EC0-301F-11D3-BF4B-00C04F79EFBC}") = "Unity.VisualScripting.State.Editor", "Unity.VisualScripting.State.Editor.csproj", "{D94A7F85-E284-55BE-418B-02B8A49604C8}"
EndProject
Project("{FAE04EC0-301F-11D3-BF4B-00C04F79EFBC}") = "Unity.TestTools.CodeCoverage.Editor", "Unity.TestTools.CodeCoverage.Editor.csproj", "{ECE96E51-662D-AC27-AADE-63003AD27735}"
EndProject
Project("{FAE04EC0-301F-11D3-BF4B-00C04F79EFBC}") = "Unity.VisualScripting.State", "Unity.VisualScripting.State.csproj", "{64CA58D2-49EF-AB67-B092-D3A032A4EF5B}"
EndProject
Project("{FAE04EC0-301F-11D3-BF4B-00C04F79EFBC}") = "Unity.TextMeshPro", "Unity.TextMeshPro.csproj", "{E4A70B0D-364C-643A-443F-6B66433F2352}"
EndProject
Project("{FAE04EC0-301F-11D3-BF4B-00C04F79EFBC}") = "Unity.Performance.Profile-Analyzer.Editor", "Unity.Performance.Profile-Analyzer.Editor.csproj", "{9A34C476-9B77-FCB8-4DA1-D53D81B5E253}"
EndProject
Project("{FAE04EC0-301F-11D3-BF4B-00C04F79EFBC}") = "Unity.VSCode.Editor", "Unity.VSCode.Editor.csproj", "{B5F55FD9-2B64-3E0E-B9FC-237905C2AE03}"
EndProject
Project("{FAE04EC0-301F-11D3-BF4B-00C04F79EFBC}") = "Unity.TestTools.CodeCoverage.Editor.OpenCover.Mono.Reflection", "Unity.TestTools.CodeCoverage.Editor.OpenCover.Mono.Reflection.csproj", "{1292D843-C6FD-BAE8-EE4F-88125D4B03ED}"
EndProject
Project("{FAE04EC0-301F-11D3-BF4B-00C04F79EFBC}") = "Unity.Sysroot.Linux_x86_64", "Unity.Sysroot.Linux_x86_64.csproj", "{8127CE5B-7185-3B14-FD50-70E465C8B5CE}"
EndProject
Project("{FAE04EC0-301F-11D3-BF4B-00C04F79EFBC}") = "Unity.Settings.Editor", "Unity.Settings.Editor.csproj", "{1EBBDADC-0D21-D2AD-0606-22DEDB4CA747}"
EndProject
Project("{FAE04EC0-301F-11D3-BF4B-00C04F79EFBC}") = "Unity.EditorCoroutines.Editor", "Unity.EditorCoroutines.Editor.csproj", "{5EE69DAB-A491-585A-2CC9-A663FECA3E47}"
EndProject
Project("{FAE04EC0-301F-11D3-BF4B-00C04F79EFBC}") = "Unity.SysrootPackage.Editor", "Unity.SysrootPackage.Editor.csproj", "{69DA392B-CA70-FD9B-6FAD-43036D670890}"
EndProject
Project("{FAE04EC0-301F-11D3-BF4B-00C04F79EFBC}") = "Unity.VisualScripting.Shared.Editor", "Unity.VisualScripting.Shared.Editor.csproj", "{B860FADA-EF96-02D6-FA96-62ECAF5D0322}"
EndProject
Project("{FAE04EC0-301F-11D3-BF4B-00C04F79EFBC}") = "Unity.Toolchain.Win-x86_64-Linux-x86_64", "Unity.Toolchain.Win-x86_64-Linux-x86_64.csproj", "{1A924096-572F-833D-BEE3-58D45E37F5B1}"
EndProject
Project("{FAE04EC0-301F-11D3-BF4B-00C04F79EFBC}") = "Assembly-CSharp-firstpass", "Assembly-CSharp-firstpass.csproj", "{4618C5FF-BE3F-FB35-232D-A74F78FE4EDB}"
EndProject
Project("{FAE04EC0-301F-11D3-BF4B-00C04F79EFBC}") = "Unity.Timeline", "Unity.Timeline.Player.csproj", "{5E363F11-B34F-E823-12BF-AC96A458DBDB}"
EndProject
Project("{FAE04EC0-301F-11D3-BF4B-00C04F79EFBC}") = "Unity.VisualScripting.Flow", "Unity.VisualScripting.Flow.Player.csproj", "{9309F558-ACCC-768E-B79B-3765E7587DA0}"
EndProject
Project("{FAE04EC0-301F-11D3-BF4B-00C04F79EFBC}") = "Unity.VisualScripting.Core", "Unity.VisualScripting.Core.Player.csproj", "{E56D79D3-7E41-B982-3A55-70133BBB27FB}"
EndProject
Project("{FAE04EC0-301F-11D3-BF4B-00C04F79EFBC}") = "Assembly-CSharp", "Assembly-CSharp.Player.csproj", "{CCE24347-029F-CA94-6582-48A2B74C9338}"
EndProject
Project("{FAE04EC0-301F-11D3-BF4B-00C04F79EFBC}") = "UnityEngine.TestRunner", "UnityEngine.TestRunner.Player.csproj", "{63D1C763-B14B-99B0-4C72-B4CFDFFE9250}"
EndProject
Project("{FAE04EC0-301F-11D3-BF4B-00C04F79EFBC}") = "UnityEngine.UI", "UnityEngine.UI.Player.csproj", "{E78103EA-D44B-C697-0C40-86BF89A1CABC}"
EndProject
Project("{FAE04EC0-301F-11D3-BF4B-00C04F79EFBC}") = "Unity.VisualScripting.State", "Unity.VisualScripting.State.Player.csproj", "{29F37ED4-8BA2-E966-56EF-299CB2AC3DCD}"
EndProject
Project("{FAE04EC0-301F-11D3-BF4B-00C04F79EFBC}") = "Unity.TextMeshPro", "Unity.TextMeshPro.Player.csproj", "{B9A8B7D3-E800-09E3-2B7D-7919144FB198}"
EndProject
Project("{FAE04EC0-301F-11D3-BF4B-00C04F79EFBC}") = "Assembly-CSharp-firstpass", "Assembly-CSharp-firstpass.Player.csproj", "{8F436AE8-2031-279B-5A5F-54ADA98754AE}"
EndProject
Global
	GlobalSection(SolutionConfigurationPlatforms) = preSolution
		Debug|Any CPU = Debug|Any CPU
		Release|Any CPU = Release|Any CPU
	EndGlobalSection
	GlobalSection(ProjectConfigurationPlatforms) = postSolution
		{7ABD7816-9E39-E002-5138-926D6DA35AB7}.Debug|Any CPU.ActiveCfg = Debug|Any CPU
		{7ABD7816-9E39-E002-5138-926D6DA35AB7}.Debug|Any CPU.Build.0 = Debug|Any CPU
		{7ABD7816-9E39-E002-5138-926D6DA35AB7}.Release|Any CPU.ActiveCfg = Release|Any CPU
		{7ABD7816-9E39-E002-5138-926D6DA35AB7}.Release|Any CPU.Build.0 = Release|Any CPU
		{7B488959-0D3E-4C5B-F4B7-0D660816048E}.Debug|Any CPU.ActiveCfg = Debug|Any CPU
		{7B488959-0D3E-4C5B-F4B7-0D660816048E}.Debug|Any CPU.Build.0 = Debug|Any CPU
		{7B488959-0D3E-4C5B-F4B7-0D660816048E}.Release|Any CPU.ActiveCfg = Release|Any CPU
		{7B488959-0D3E-4C5B-F4B7-0D660816048E}.Release|Any CPU.Build.0 = Release|Any CPU
		{48A0E71F-3E11-6BA6-FB4A-D0964388F952}.Debug|Any CPU.ActiveCfg = Debug|Any CPU
		{48A0E71F-3E11-6BA6-FB4A-D0964388F952}.Debug|Any CPU.Build.0 = Debug|Any CPU
		{48A0E71F-3E11-6BA6-FB4A-D0964388F952}.Release|Any CPU.ActiveCfg = Release|Any CPU
		{48A0E71F-3E11-6BA6-FB4A-D0964388F952}.Release|Any CPU.Build.0 = Release|Any CPU
		{2BF9950A-B2D6-A062-4550-526D415DFFA6}.Debug|Any CPU.ActiveCfg = Debug|Any CPU
		{2BF9950A-B2D6-A062-4550-526D415DFFA6}.Debug|Any CPU.Build.0 = Debug|Any CPU
		{2BF9950A-B2D6-A062-4550-526D415DFFA6}.Release|Any CPU.ActiveCfg = Release|Any CPU
		{2BF9950A-B2D6-A062-4550-526D415DFFA6}.Release|Any CPU.Build.0 = Release|Any CPU
		{9D506D98-5D3F-A298-D197-CC35F83B1D4C}.Debug|Any CPU.ActiveCfg = Debug|Any CPU
		{9D506D98-5D3F-A298-D197-CC35F83B1D4C}.Debug|Any CPU.Build.0 = Debug|Any CPU
		{9D506D98-5D3F-A298-D197-CC35F83B1D4C}.Release|Any CPU.ActiveCfg = Release|Any CPU
		{9D506D98-5D3F-A298-D197-CC35F83B1D4C}.Release|Any CPU.Build.0 = Release|Any CPU
		{A19ABAD6-B893-EF99-37AD-9BE04ADBEDA2}.Debug|Any CPU.ActiveCfg = Debug|Any CPU
		{A19ABAD6-B893-EF99-37AD-9BE04ADBEDA2}.Debug|Any CPU.Build.0 = Debug|Any CPU
		{A19ABAD6-B893-EF99-37AD-9BE04ADBEDA2}.Release|Any CPU.ActiveCfg = Release|Any CPU
		{A19ABAD6-B893-EF99-37AD-9BE04ADBEDA2}.Release|Any CPU.Build.0 = Release|Any CPU
		{5DB16445-348A-8040-31C6-73D33172B913}.Debug|Any CPU.ActiveCfg = Debug|Any CPU
		{5DB16445-348A-8040-31C6-73D33172B913}.Debug|Any CPU.Build.0 = Debug|Any CPU
		{5DB16445-348A-8040-31C6-73D33172B913}.Release|Any CPU.ActiveCfg = Release|Any CPU
		{5DB16445-348A-8040-31C6-73D33172B913}.Release|Any CPU.Build.0 = Release|Any CPU
		{B09372BF-51F4-EB99-F3B7-C9B9FAA3F629}.Debug|Any CPU.ActiveCfg = Debug|Any CPU
		{B09372BF-51F4-EB99-F3B7-C9B9FAA3F629}.Debug|Any CPU.Build.0 = Debug|Any CPU
		{B09372BF-51F4-EB99-F3B7-C9B9FAA3F629}.Release|Any CPU.ActiveCfg = Release|Any CPU
		{B09372BF-51F4-EB99-F3B7-C9B9FAA3F629}.Release|Any CPU.Build.0 = Release|Any CPU
		{1A79C974-A9F0-67FE-C0F7-1E326B9FAAC0}.Debug|Any CPU.ActiveCfg = Debug|Any CPU
		{1A79C974-A9F0-67FE-C0F7-1E326B9FAAC0}.Debug|Any CPU.Build.0 = Debug|Any CPU
		{1A79C974-A9F0-67FE-C0F7-1E326B9FAAC0}.Release|Any CPU.ActiveCfg = Release|Any CPU
		{1A79C974-A9F0-67FE-C0F7-1E326B9FAAC0}.Release|Any CPU.Build.0 = Release|Any CPU
		{63A05D75-5A81-E44E-C007-4454673A3660}.Debug|Any CPU.ActiveCfg = Debug|Any CPU
		{63A05D75-5A81-E44E-C007-4454673A3660}.Debug|Any CPU.Build.0 = Debug|Any CPU
		{63A05D75-5A81-E44E-C007-4454673A3660}.Release|Any CPU.ActiveCfg = Release|Any CPU
		{63A05D75-5A81-E44E-C007-4454673A3660}.Release|Any CPU.Build.0 = Release|Any CPU
		{3799BFC3-FFAC-A40F-E536-C717DF375C9B}.Debug|Any CPU.ActiveCfg = Debug|Any CPU
		{3799BFC3-FFAC-A40F-E536-C717DF375C9B}.Debug|Any CPU.Build.0 = Debug|Any CPU
		{3799BFC3-FFAC-A40F-E536-C717DF375C9B}.Release|Any CPU.ActiveCfg = Release|Any CPU
		{3799BFC3-FFAC-A40F-E536-C717DF375C9B}.Release|Any CPU.Build.0 = Release|Any CPU
		{AF582047-D37C-A9B3-54A3-1795BFA90E61}.Debug|Any CPU.ActiveCfg = Debug|Any CPU
		{AF582047-D37C-A9B3-54A3-1795BFA90E61}.Debug|Any CPU.Build.0 = Debug|Any CPU
		{AF582047-D37C-A9B3-54A3-1795BFA90E61}.Release|Any CPU.ActiveCfg = Release|Any CPU
		{AF582047-D37C-A9B3-54A3-1795BFA90E61}.Release|Any CPU.Build.0 = Release|Any CPU
		{3CC8907D-564A-734E-7685-8F9514AB10B4}.Debug|Any CPU.ActiveCfg = Debug|Any CPU
		{3CC8907D-564A-734E-7685-8F9514AB10B4}.Debug|Any CPU.Build.0 = Debug|Any CPU
		{3CC8907D-564A-734E-7685-8F9514AB10B4}.Release|Any CPU.ActiveCfg = Release|Any CPU
		{3CC8907D-564A-734E-7685-8F9514AB10B4}.Release|Any CPU.Build.0 = Release|Any CPU
		{E38F2146-B5F1-1D16-5F9E-5FF40C9B0C47}.Debug|Any CPU.ActiveCfg = Debug|Any CPU
		{E38F2146-B5F1-1D16-5F9E-5FF40C9B0C47}.Debug|Any CPU.Build.0 = Debug|Any CPU
		{E38F2146-B5F1-1D16-5F9E-5FF40C9B0C47}.Release|Any CPU.ActiveCfg = Release|Any CPU
		{E38F2146-B5F1-1D16-5F9E-5FF40C9B0C47}.Release|Any CPU.Build.0 = Release|Any CPU
		{899A6BAA-61E3-696D-3229-460A55AE1A28}.Debug|Any CPU.ActiveCfg = Debug|Any CPU
		{899A6BAA-61E3-696D-3229-460A55AE1A28}.Debug|Any CPU.Build.0 = Debug|Any CPU
		{899A6BAA-61E3-696D-3229-460A55AE1A28}.Release|Any CPU.ActiveCfg = Release|Any CPU
		{899A6BAA-61E3-696D-3229-460A55AE1A28}.Release|Any CPU.Build.0 = Release|Any CPU
		{5E279C01-F9BC-30B2-BB57-387FC30C5545}.Debug|Any CPU.ActiveCfg = Debug|Any CPU
		{5E279C01-F9BC-30B2-BB57-387FC30C5545}.Debug|Any CPU.Build.0 = Debug|Any CPU
		{5E279C01-F9BC-30B2-BB57-387FC30C5545}.Release|Any CPU.ActiveCfg = Release|Any CPU
		{5E279C01-F9BC-30B2-BB57-387FC30C5545}.Release|Any CPU.Build.0 = Release|Any CPU
		{439339B4-A96A-BE5A-069B-C93305B8DB15}.Debug|Any CPU.ActiveCfg = Debug|Any CPU
		{439339B4-A96A-BE5A-069B-C93305B8DB15}.Debug|Any CPU.Build.0 = Debug|Any CPU
		{439339B4-A96A-BE5A-069B-C93305B8DB15}.Release|Any CPU.ActiveCfg = Release|Any CPU
		{439339B4-A96A-BE5A-069B-C93305B8DB15}.Release|Any CPU.Build.0 = Release|Any CPU
		{E1EE6E09-F27F-EFC0-9773-C487D446BCCA}.Debug|Any CPU.ActiveCfg = Debug|Any CPU
		{E1EE6E09-F27F-EFC0-9773-C487D446BCCA}.Debug|Any CPU.Build.0 = Debug|Any CPU
		{E1EE6E09-F27F-EFC0-9773-C487D446BCCA}.Release|Any CPU.ActiveCfg = Release|Any CPU
		{E1EE6E09-F27F-EFC0-9773-C487D446BCCA}.Release|Any CPU.Build.0 = Release|Any CPU
		{D94A7F85-E284-55BE-418B-02B8A49604C8}.Debug|Any CPU.ActiveCfg = Debug|Any CPU
		{D94A7F85-E284-55BE-418B-02B8A49604C8}.Debug|Any CPU.Build.0 = Debug|Any CPU
		{D94A7F85-E284-55BE-418B-02B8A49604C8}.Release|Any CPU.ActiveCfg = Release|Any CPU
		{D94A7F85-E284-55BE-418B-02B8A49604C8}.Release|Any CPU.Build.0 = Release|Any CPU
		{ECE96E51-662D-AC27-AADE-63003AD27735}.Debug|Any CPU.ActiveCfg = Debug|Any CPU
		{ECE96E51-662D-AC27-AADE-63003AD27735}.Debug|Any CPU.Build.0 = Debug|Any CPU
		{ECE96E51-662D-AC27-AADE-63003AD27735}.Release|Any CPU.ActiveCfg = Release|Any CPU
		{ECE96E51-662D-AC27-AADE-63003AD27735}.Release|Any CPU.Build.0 = Release|Any CPU
		{64CA58D2-49EF-AB67-B092-D3A032A4EF5B}.Debug|Any CPU.ActiveCfg = Debug|Any CPU
		{64CA58D2-49EF-AB67-B092-D3A032A4EF5B}.Debug|Any CPU.Build.0 = Debug|Any CPU
		{64CA58D2-49EF-AB67-B092-D3A032A4EF5B}.Release|Any CPU.ActiveCfg = Release|Any CPU
		{64CA58D2-49EF-AB67-B092-D3A032A4EF5B}.Release|Any CPU.Build.0 = Release|Any CPU
		{E4A70B0D-364C-643A-443F-6B66433F2352}.Debug|Any CPU.ActiveCfg = Debug|Any CPU
		{E4A70B0D-364C-643A-443F-6B66433F2352}.Debug|Any CPU.Build.0 = Debug|Any CPU
		{E4A70B0D-364C-643A-443F-6B66433F2352}.Release|Any CPU.ActiveCfg = Release|Any CPU
		{E4A70B0D-364C-643A-443F-6B66433F2352}.Release|Any CPU.Build.0 = Release|Any CPU
		{9A34C476-9B77-FCB8-4DA1-D53D81B5E253}.Debug|Any CPU.ActiveCfg = Debug|Any CPU
		{9A34C476-9B77-FCB8-4DA1-D53D81B5E253}.Debug|Any CPU.Build.0 = Debug|Any CPU
		{9A34C476-9B77-FCB8-4DA1-D53D81B5E253}.Release|Any CPU.ActiveCfg = Release|Any CPU
		{9A34C476-9B77-FCB8-4DA1-D53D81B5E253}.Release|Any CPU.Build.0 = Release|Any CPU
		{B5F55FD9-2B64-3E0E-B9FC-237905C2AE03}.Debug|Any CPU.ActiveCfg = Debug|Any CPU
		{B5F55FD9-2B64-3E0E-B9FC-237905C2AE03}.Debug|Any CPU.Build.0 = Debug|Any CPU
		{B5F55FD9-2B64-3E0E-B9FC-237905C2AE03}.Release|Any CPU.ActiveCfg = Release|Any CPU
		{B5F55FD9-2B64-3E0E-B9FC-237905C2AE03}.Release|Any CPU.Build.0 = Release|Any CPU
		{1292D843-C6FD-BAE8-EE4F-88125D4B03ED}.Debug|Any CPU.ActiveCfg = Debug|Any CPU
		{1292D843-C6FD-BAE8-EE4F-88125D4B03ED}.Debug|Any CPU.Build.0 = Debug|Any CPU
		{1292D843-C6FD-BAE8-EE4F-88125D4B03ED}.Release|Any CPU.ActiveCfg = Release|Any CPU
		{1292D843-C6FD-BAE8-EE4F-88125D4B03ED}.Release|Any CPU.Build.0 = Release|Any CPU
		{8127CE5B-7185-3B14-FD50-70E465C8B5CE}.Debug|Any CPU.ActiveCfg = Debug|Any CPU
		{8127CE5B-7185-3B14-FD50-70E465C8B5CE}.Debug|Any CPU.Build.0 = Debug|Any CPU
		{8127CE5B-7185-3B14-FD50-70E465C8B5CE}.Release|Any CPU.ActiveCfg = Release|Any CPU
		{8127CE5B-7185-3B14-FD50-70E465C8B5CE}.Release|Any CPU.Build.0 = Release|Any CPU
		{1EBBDADC-0D21-D2AD-0606-22DEDB4CA747}.Debug|Any CPU.ActiveCfg = Debug|Any CPU
		{1EBBDADC-0D21-D2AD-0606-22DEDB4CA747}.Debug|Any CPU.Build.0 = Debug|Any CPU
		{1EBBDADC-0D21-D2AD-0606-22DEDB4CA747}.Release|Any CPU.ActiveCfg = Release|Any CPU
		{1EBBDADC-0D21-D2AD-0606-22DEDB4CA747}.Release|Any CPU.Build.0 = Release|Any CPU
		{5EE69DAB-A491-585A-2CC9-A663FECA3E47}.Debug|Any CPU.ActiveCfg = Debug|Any CPU
		{5EE69DAB-A491-585A-2CC9-A663FECA3E47}.Debug|Any CPU.Build.0 = Debug|Any CPU
		{5EE69DAB-A491-585A-2CC9-A663FECA3E47}.Release|Any CPU.ActiveCfg = Release|Any CPU
		{5EE69DAB-A491-585A-2CC9-A663FECA3E47}.Release|Any CPU.Build.0 = Release|Any CPU
		{69DA392B-CA70-FD9B-6FAD-43036D670890}.Debug|Any CPU.ActiveCfg = Debug|Any CPU
		{69DA392B-CA70-FD9B-6FAD-43036D670890}.Debug|Any CPU.Build.0 = Debug|Any CPU
		{69DA392B-CA70-FD9B-6FAD-43036D670890}.Release|Any CPU.ActiveCfg = Release|Any CPU
		{69DA392B-CA70-FD9B-6FAD-43036D670890}.Release|Any CPU.Build.0 = Release|Any CPU
		{B860FADA-EF96-02D6-FA96-62ECAF5D0322}.Debug|Any CPU.ActiveCfg = Debug|Any CPU
		{B860FADA-EF96-02D6-FA96-62ECAF5D0322}.Debug|Any CPU.Build.0 = Debug|Any CPU
		{B860FADA-EF96-02D6-FA96-62ECAF5D0322}.Release|Any CPU.ActiveCfg = Release|Any CPU
		{B860FADA-EF96-02D6-FA96-62ECAF5D0322}.Release|Any CPU.Build.0 = Release|Any CPU
		{1A924096-572F-833D-BEE3-58D45E37F5B1}.Debug|Any CPU.ActiveCfg = Debug|Any CPU
		{1A924096-572F-833D-BEE3-58D45E37F5B1}.Debug|Any CPU.Build.0 = Debug|Any CPU
		{1A924096-572F-833D-BEE3-58D45E37F5B1}.Release|Any CPU.ActiveCfg = Release|Any CPU
		{1A924096-572F-833D-BEE3-58D45E37F5B1}.Release|Any CPU.Build.0 = Release|Any CPU
		{4618C5FF-BE3F-FB35-232D-A74F78FE4EDB}.Debug|Any CPU.ActiveCfg = Debug|Any CPU
		{4618C5FF-BE3F-FB35-232D-A74F78FE4EDB}.Debug|Any CPU.Build.0 = Debug|Any CPU
		{4618C5FF-BE3F-FB35-232D-A74F78FE4EDB}.Release|Any CPU.ActiveCfg = Release|Any CPU
		{4618C5FF-BE3F-FB35-232D-A74F78FE4EDB}.Release|Any CPU.Build.0 = Release|Any CPU
		{5E363F11-B34F-E823-12BF-AC96A458DBDB}.Debug|Any CPU.ActiveCfg = Debug|Any CPU
		{5E363F11-B34F-E823-12BF-AC96A458DBDB}.Debug|Any CPU.Build.0 = Debug|Any CPU
		{5E363F11-B34F-E823-12BF-AC96A458DBDB}.Release|Any CPU.ActiveCfg = Release|Any CPU
		{5E363F11-B34F-E823-12BF-AC96A458DBDB}.Release|Any CPU.Build.0 = Release|Any CPU
		{9309F558-ACCC-768E-B79B-3765E7587DA0}.Debug|Any CPU.ActiveCfg = Debug|Any CPU
		{9309F558-ACCC-768E-B79B-3765E7587DA0}.Debug|Any CPU.Build.0 = Debug|Any CPU
		{9309F558-ACCC-768E-B79B-3765E7587DA0}.Release|Any CPU.ActiveCfg = Release|Any CPU
		{9309F558-ACCC-768E-B79B-3765E7587DA0}.Release|Any CPU.Build.0 = Release|Any CPU
		{E56D79D3-7E41-B982-3A55-70133BBB27FB}.Debug|Any CPU.ActiveCfg = Debug|Any CPU
		{E56D79D3-7E41-B982-3A55-70133BBB27FB}.Debug|Any CPU.Build.0 = Debug|Any CPU
		{E56D79D3-7E41-B982-3A55-70133BBB27FB}.Release|Any CPU.ActiveCfg = Release|Any CPU
		{E56D79D3-7E41-B982-3A55-70133BBB27FB}.Release|Any CPU.Build.0 = Release|Any CPU
		{CCE24347-029F-CA94-6582-48A2B74C9338}.Debug|Any CPU.ActiveCfg = Debug|Any CPU
		{CCE24347-029F-CA94-6582-48A2B74C9338}.Debug|Any CPU.Build.0 = Debug|Any CPU
		{CCE24347-029F-CA94-6582-48A2B74C9338}.Release|Any CPU.ActiveCfg = Release|Any CPU
		{CCE24347-029F-CA94-6582-48A2B74C9338}.Release|Any CPU.Build.0 = Release|Any CPU
		{63D1C763-B14B-99B0-4C72-B4CFDFFE9250}.Debug|Any CPU.ActiveCfg = Debug|Any CPU
		{63D1C763-B14B-99B0-4C72-B4CFDFFE9250}.Debug|Any CPU.Build.0 = Debug|Any CPU
		{63D1C763-B14B-99B0-4C72-B4CFDFFE9250}.Release|Any CPU.ActiveCfg = Release|Any CPU
		{63D1C763-B14B-99B0-4C72-B4CFDFFE9250}.Release|Any CPU.Build.0 = Release|Any CPU
		{E78103EA-D44B-C697-0C40-86BF89A1CABC}.Debug|Any CPU.ActiveCfg = Debug|Any CPU
		{E78103EA-D44B-C697-0C40-86BF89A1CABC}.Debug|Any CPU.Build.0 = Debug|Any CPU
		{E78103EA-D44B-C697-0C40-86BF89A1CABC}.Release|Any CPU.ActiveCfg = Release|Any CPU
		{E78103EA-D44B-C697-0C40-86BF89A1CABC}.Release|Any CPU.Build.0 = Release|Any CPU
		{29F37ED4-8BA2-E966-56EF-299CB2AC3DCD}.Debug|Any CPU.ActiveCfg = Debug|Any CPU
		{29F37ED4-8BA2-E966-56EF-299CB2AC3DCD}.Debug|Any CPU.Build.0 = Debug|Any CPU
		{29F37ED4-8BA2-E966-56EF-299CB2AC3DCD}.Release|Any CPU.ActiveCfg = Release|Any CPU
		{29F37ED4-8BA2-E966-56EF-299CB2AC3DCD}.Release|Any CPU.Build.0 = Release|Any CPU
		{B9A8B7D3-E800-09E3-2B7D-7919144FB198}.Debug|Any CPU.ActiveCfg = Debug|Any CPU
		{B9A8B7D3-E800-09E3-2B7D-7919144FB198}.Debug|Any CPU.Build.0 = Debug|Any CPU
		{B9A8B7D3-E800-09E3-2B7D-7919144FB198}.Release|Any CPU.ActiveCfg = Release|Any CPU
		{B9A8B7D3-E800-09E3-2B7D-7919144FB198}.Release|Any CPU.Build.0 = Release|Any CPU
		{8F436AE8-2031-279B-5A5F-54ADA98754AE}.Debug|Any CPU.ActiveCfg = Debug|Any CPU
		{8F436AE8-2031-279B-5A5F-54ADA98754AE}.Debug|Any CPU.Build.0 = Debug|Any CPU
		{8F436AE8-2031-279B-5A5F-54ADA98754AE}.Release|Any CPU.ActiveCfg = Release|Any CPU
		{8F436AE8-2031-279B-5A5F-54ADA98754AE}.Release|Any CPU.Build.0 = Release|Any CPU
	EndGlobalSection
	GlobalSection(SolutionProperties) = preSolution
		HideSolutionNode = FALSE
	EndGlobalSection
EndGlobal
